
Microsoft Visual Studio Solution File, Format Version 12.00
# Visual Studio Version 16
VisualStudioVersion = 16.0.29209.62
MinimumVisualStudioVersion = 10.0.40219.1
Project("{FAE04EC0-301F-11D3-BF4B-00C04F79EFBC}") = "service3.api", "service3.api\service3.api.csproj", "{DC5D2B13-1939-4A74-A64F-6629EC1040CF}"
EndProject
Global
	GlobalSection(SolutionConfigurationPlatforms) = preSolution
		Debug|Any CPU = Debug|Any CPU
		Release|Any CPU = Release|Any CPU
	EndGlobalSection
	GlobalSection(ProjectConfigurationPlatforms) = postSolution
		{DC5D2B13-1939-4A74-A64F-6629EC1040CF}.Debug|Any CPU.ActiveCfg = Debug|Any CPU
		{DC5D2B13-1939-4A74-A64F-6629EC1040CF}.Debug|Any CPU.Build.0 = Debug|Any CPU
		{DC5D2B13-1939-4A74-A64F-6629EC1040CF}.Release|Any CPU.ActiveCfg = Release|Any CPU
		{DC5D2B13-1939-4A74-A64F-6629EC1040CF}.Release|Any CPU.Build.0 = Release|Any CPU
	EndGlobalSection
	GlobalSection(SolutionProperties) = preSolution
		HideSolutionNode = FALSE
	EndGlobalSection
	GlobalSection(ExtensibilityGlobals) = postSolution
		SolutionGuid = {56E88950-2E04-460A-A688-7CF478FA9F60}
	EndGlobalSection
EndGlobal
