
Microsoft Visual Studio Solution File, Format Version 12.00
# Visual Studio Version 16
VisualStudioVersion = 16.0.29209.62
MinimumVisualStudioVersion = 10.0.40219.1
Project("{FAE04EC0-301F-11D3-BF4B-00C04F79EFBC}") = "service1.api", "service1.api\service1.api.csproj", "{97D8A19D-B1AA-4A90-BB3A-AF05A8B08303}"
EndProject
Global
	GlobalSection(SolutionConfigurationPlatforms) = preSolution
		Debug|Any CPU = Debug|Any CPU
		Release|Any CPU = Release|Any CPU
	EndGlobalSection
	GlobalSection(ProjectConfigurationPlatforms) = postSolution
		{97D8A19D-B1AA-4A90-BB3A-AF05A8B08303}.Debug|Any CPU.ActiveCfg = Debug|Any CPU
		{97D8A19D-B1AA-4A90-BB3A-AF05A8B08303}.Debug|Any CPU.Build.0 = Debug|Any CPU
		{97D8A19D-B1AA-4A90-BB3A-AF05A8B08303}.Release|Any CPU.ActiveCfg = Release|Any CPU
		{97D8A19D-B1AA-4A90-BB3A-AF05A8B08303}.Release|Any CPU.Build.0 = Release|Any CPU
	EndGlobalSection
	GlobalSection(SolutionProperties) = preSolution
		HideSolutionNode = FALSE
	EndGlobalSection
	GlobalSection(ExtensibilityGlobals) = postSolution
		SolutionGuid = {CE482254-59AC-421A-B6A3-90CAF819C71D}
	EndGlobalSection
EndGlobal
